{
  "version": 4,
  "terraform_version": "1.0.1",
  "serial": 171,
  "lineage": "273450b8-943f-0d51-0b37-84daa039f5b9",
  "outputs": {},
  "resources": [
    {
      "mode": "data",
      "type": "azurerm_subscription",
      "name": "current",
      "provider": "provider[\"registry.terraform.io/hashicorp/azurerm\"]",
      "instances": [
        {
          "schema_version": 0,
          "attributes": {
            "display_name": "Microsoft Azure Enterprise",
            "id": "/subscriptions/6b00c9ec-126b-4aa6-b3f6-bd6e4691ed9e",
            "location_placement_id": "Public_2014-09-01",
            "quota_id": "EnterpriseAgreement_2014-09-01",
            "spending_limit": "Off",
            "state": "Enabled",
            "subscription_id": "6b00c9ec-126b-4aa6-b3f6-bd6e4691ed9e",
            "tags": {},
            "tenant_id": "b2cff5cc-4762-4423-9592-16e4a7e5f788",
            "timeouts": null
          },
          "sensitive_attributes": []
        }
      ]
    },
    {
      "mode": "managed",
      "type": "azurerm_firewall",
      "name": "moa-krc-com-prd-fw",
      "provider": "provider[\"registry.terraform.io/hashicorp/azurerm\"]",
      "instances": [
        {
          "schema_version": 0,
          "attributes": {
            "dns_servers": [],
            "firewall_policy_id": null,
            "id": "/subscriptions/6b00c9ec-126b-4aa6-b3f6-bd6e4691ed9e/resourceGroups/rg_2/providers/Microsoft.Network/azureFirewalls/fw_name",
            "ip_configuration": [],
            "location": "koreacentral",
            "management_ip_configuration": [],
            "name": "fw_name",
            "private_ip_ranges": [],
            "resource_group_name": "rg_2",
            "sku_name": "AZFW_VNet",
            "sku_tier": "Standard",
            "tags": {
              "name": "value_2"
            },
            "threat_intel_mode": "Alert",
            "timeouts": null,
            "virtual_hub": [],
            "zones": []
          },
          "sensitive_attributes": [],
          "private": "eyJlMmJmYjczMC1lY2FhLTExZTYtOGY4OC0zNDM2M2JjN2M0YzAiOnsiY3JlYXRlIjo1NDAwMDAwMDAwMDAwLCJkZWxldGUiOjU0MDAwMDAwMDAwMDAsInJlYWQiOjMwMDAwMDAwMDAwMCwidXBkYXRlIjo1NDAwMDAwMDAwMDAwfX0=",
          "dependencies": [
            "azurerm_resource_group.moa-krc-com-prd-rg"
          ]
        }
      ]
    },
    {
      "mode": "managed",
      "type": "azurerm_log_analytics_workspace",
      "name": "moa-krc-com-mng-logs",
      "provider": "provider[\"registry.terraform.io/hashicorp/azurerm\"]",
      "instances": [
        {
          "schema_version": 2,
          "attributes": {
            "daily_quota_gb": -1,
            "id": "/subscriptions/6b00c9ec-126b-4aa6-b3f6-bd6e4691ed9e/resourceGroups/rg_1/providers/Microsoft.OperationalInsights/workspaces/logs-name",
            "internet_ingestion_enabled": true,
            "internet_query_enabled": true,
            "location": "koreacentral",
            "name": "logs-name",
            "portal_url": "",
            "primary_shared_key": "h8gszIiChigkmsBHPsYJEXhFq6kIlsObJnC3eRgzsYiIpV1tIXku/wcw5lHm4RV7sQyHkIFondiMOpNrCo0fig==",
            "reservation_capcity_in_gb_per_day": null,
            "resource_group_name": "rg_1",
            "retention_in_days": 30,
            "secondary_shared_key": "9X1hA1yoPau1REY7Y5Cw1qZiTB5j/epnLXVtxE8GFoEZ5USYMZYuaqQfaCGP5T9lG3sSumFIiOHWaa6uLzUzqA==",
            "sku": "standard",
            "tags": {
              "name": "value_1"
            },
            "timeouts": null,
            "workspace_id": "394d745e-134f-4dbc-8edb-78a228e61d37"
          },
          "sensitive_attributes": [],
          "private": "eyJlMmJmYjczMC1lY2FhLTExZTYtOGY4OC0zNDM2M2JjN2M0YzAiOnsiY3JlYXRlIjoxODAwMDAwMDAwMDAwLCJkZWxldGUiOjE4MDAwMDAwMDAwMDAsInJlYWQiOjMwMDAwMDAwMDAwMCwidXBkYXRlIjoxODAwMDAwMDAwMDAwfSwic2NoZW1hX3ZlcnNpb24iOiIyIn0=",
          "dependencies": [
            "azurerm_resource_group.moa-krc-com-mng-rg"
          ]
        }
      ]
    },
    {
      "mode": "managed",
      "type": "azurerm_management_group",
      "name": "example_parent",
      "provider": "provider[\"registry.terraform.io/hashicorp/azurerm\"]",
      "instances": [
        {
          "schema_version": 0,
          "attributes": {
            "display_name": "management_group",
            "group_id": "ead3393e-b174-4ccf-8332-90a9cc9748e2",
            "id": "/providers/Microsoft.Management/managementGroups/ead3393e-b174-4ccf-8332-90a9cc9748e2",
            "name": "ead3393e-b174-4ccf-8332-90a9cc9748e2",
            "parent_management_group_id": "/providers/Microsoft.Management/managementGroups/b2cff5cc-4762-4423-9592-16e4a7e5f788",
            "subscription_ids": [
              "6b00c9ec-126b-4aa6-b3f6-bd6e4691ed9e"
            ],
            "timeouts": null
          },
          "sensitive_attributes": [],
          "private": "eyJlMmJmYjczMC1lY2FhLTExZTYtOGY4OC0zNDM2M2JjN2M0YzAiOnsiY3JlYXRlIjoxODAwMDAwMDAwMDAwLCJkZWxldGUiOjE4MDAwMDAwMDAwMDAsInJlYWQiOjMwMDAwMDAwMDAwMCwidXBkYXRlIjoxODAwMDAwMDAwMDAwfX0=",
          "dependencies": [
            "data.azurerm_subscription.current"
          ]
        }
      ]
    },
    {
      "mode": "managed",
      "type": "azurerm_network_ddos_protection_plan",
      "name": "moa-krc-com-prd-ddos",
      "provider": "provider[\"registry.terraform.io/hashicorp/azurerm\"]",
      "instances": [
        {
          "schema_version": 0,
          "attributes": {
            "id": "/subscriptions/6b00c9ec-126b-4aa6-b3f6-bd6e4691ed9e/resourceGroups/rg_2/providers/Microsoft.Network/ddosProtectionPlans/ddos_name",
            "location": "koreacentral",
            "name": "ddos_name",
            "resource_group_name": "rg_2",
            "tags": {
              "name": "value_2"
            },
            "timeouts": null,
            "virtual_network_ids": []
          },
          "sensitive_attributes": [],
          "private": "eyJlMmJmYjczMC1lY2FhLTExZTYtOGY4OC0zNDM2M2JjN2M0YzAiOnsiY3JlYXRlIjoxODAwMDAwMDAwMDAwLCJkZWxldGUiOjE4MDAwMDAwMDAwMDAsInJlYWQiOjMwMDAwMDAwMDAwMCwidXBkYXRlIjoxODAwMDAwMDAwMDAwfX0=",
          "dependencies": [
            "azurerm_resource_group.moa-krc-com-prd-rg"
          ]
        }
      ]
    },
    {
      "mode": "managed",
      "type": "azurerm_public_ip",
      "name": "moa-krc-com-prd-pip",
      "provider": "provider[\"registry.terraform.io/hashicorp/azurerm\"]",
      "instances": [
        {
          "schema_version": 0,
          "attributes": {
            "allocation_method": "Static",
            "availability_zone": "No-Zone",
            "domain_name_label": null,
            "fqdn": null,
            "id": "/subscriptions/6b00c9ec-126b-4aa6-b3f6-bd6e4691ed9e/resourceGroups/rg_2/providers/Microsoft.Network/publicIPAddresses/fw_pip_name",
            "idle_timeout_in_minutes": 4,
            "ip_address": "20.194.116.77",
            "ip_tags": {},
            "ip_version": "IPv4",
            "location": "koreacentral",
            "name": "fw_pip_name",
            "public_ip_prefix_id": null,
            "resource_group_name": "rg_2",
            "reverse_fqdn": null,
            "sku": "Standard",
            "sku_tier": "Regional",
            "tags": {
              "name": "value_2"
            },
            "timeouts": null,
            "zones": []
          },
          "sensitive_attributes": [],
          "private": "eyJlMmJmYjczMC1lY2FhLTExZTYtOGY4OC0zNDM2M2JjN2M0YzAiOnsiY3JlYXRlIjoxODAwMDAwMDAwMDAwLCJkZWxldGUiOjE4MDAwMDAwMDAwMDAsInJlYWQiOjMwMDAwMDAwMDAwMCwidXBkYXRlIjoxODAwMDAwMDAwMDAwfX0=",
          "dependencies": [
            "azurerm_resource_group.moa-krc-com-prd-rg"
          ]
        }
      ]
    },
    {
      "mode": "managed",
      "type": "azurerm_public_ip",
      "name": "moa-krc-com-prd-vpnpip",
      "provider": "provider[\"registry.terraform.io/hashicorp/azurerm\"]",
      "instances": [
        {
          "schema_version": 0,
          "attributes": {
            "allocation_method": "Static",
            "availability_zone": "No-Zone",
            "domain_name_label": null,
            "fqdn": null,
            "id": "/subscriptions/6b00c9ec-126b-4aa6-b3f6-bd6e4691ed9e/resourceGroups/rg_2/providers/Microsoft.Network/publicIPAddresses/vpn_pip_name",
            "idle_timeout_in_minutes": 4,
            "ip_address": "20.41.96.38",
            "ip_tags": {},
            "ip_version": "IPv4",
            "location": "koreacentral",
            "name": "vpn_pip_name",
            "public_ip_prefix_id": null,
            "resource_group_name": "rg_2",
            "reverse_fqdn": null,
            "sku": "Standard",
            "sku_tier": "Regional",
            "tags": {
              "name": "value_2"
            },
            "timeouts": null,
            "zones": []
          },
          "sensitive_attributes": [],
          "private": "eyJlMmJmYjczMC1lY2FhLTExZTYtOGY4OC0zNDM2M2JjN2M0YzAiOnsiY3JlYXRlIjoxODAwMDAwMDAwMDAwLCJkZWxldGUiOjE4MDAwMDAwMDAwMDAsInJlYWQiOjMwMDAwMDAwMDAwMCwidXBkYXRlIjoxODAwMDAwMDAwMDAwfX0=",
          "dependencies": [
            "azurerm_resource_group.moa-krc-com-prd-rg"
          ]
        }
      ]
    },
    {
      "mode": "managed",
      "type": "azurerm_recovery_services_vault",
      "name": "moa-krc-com-prd-rsv",
      "provider": "provider[\"registry.terraform.io/hashicorp/azurerm\"]",
      "instances": [
        {
          "schema_version": 0,
          "attributes": {
            "id": "/subscriptions/6b00c9ec-126b-4aa6-b3f6-bd6e4691ed9e/resourceGroups/rg_2/providers/Microsoft.RecoveryServices/vaults/rsv-name",
            "identity": [],
            "location": "koreacentral",
            "name": "rsv-name",
            "resource_group_name": "rg_2",
            "sku": "Standard",
            "soft_delete_enabled": true,
            "tags": {},
            "timeouts": null
          },
          "sensitive_attributes": [],
          "private": "eyJlMmJmYjczMC1lY2FhLTExZTYtOGY4OC0zNDM2M2JjN2M0YzAiOnsiY3JlYXRlIjoxODAwMDAwMDAwMDAwLCJkZWxldGUiOjE4MDAwMDAwMDAwMDAsInJlYWQiOjMwMDAwMDAwMDAwMCwidXBkYXRlIjoxODAwMDAwMDAwMDAwfX0=",
          "dependencies": [
            "azurerm_resource_group.moa-krc-com-prd-rg"
          ]
        }
      ]
    },
    {
      "mode": "managed",
      "type": "azurerm_resource_group",
      "name": "moa-krc-com-dev-rg",
      "provider": "provider[\"registry.terraform.io/hashicorp/azurerm\"]",
      "instances": [
        {
          "schema_version": 0,
          "attributes": {
            "id": "/subscriptions/6b00c9ec-126b-4aa6-b3f6-bd6e4691ed9e/resourceGroups/rg_3",
            "location": "koreacentral",
            "name": "rg_3",
            "tags": {
              "name": "value_3"
            },
            "timeouts": null
          },
          "sensitive_attributes": [],
          "private": "eyJlMmJmYjczMC1lY2FhLTExZTYtOGY4OC0zNDM2M2JjN2M0YzAiOnsiY3JlYXRlIjo1NDAwMDAwMDAwMDAwLCJkZWxldGUiOjU0MDAwMDAwMDAwMDAsInJlYWQiOjMwMDAwMDAwMDAwMCwidXBkYXRlIjo1NDAwMDAwMDAwMDAwfX0="
        }
      ]
    },
    {
      "mode": "managed",
      "type": "azurerm_resource_group",
      "name": "moa-krc-com-mng-rg",
      "provider": "provider[\"registry.terraform.io/hashicorp/azurerm\"]",
      "instances": [
        {
          "schema_version": 0,
          "attributes": {
            "id": "/subscriptions/6b00c9ec-126b-4aa6-b3f6-bd6e4691ed9e/resourceGroups/rg_1",
            "location": "koreacentral",
            "name": "rg_1",
            "tags": {
              "name": "value_1"
            },
            "timeouts": null
          },
          "sensitive_attributes": [],
          "private": "eyJlMmJmYjczMC1lY2FhLTExZTYtOGY4OC0zNDM2M2JjN2M0YzAiOnsiY3JlYXRlIjo1NDAwMDAwMDAwMDAwLCJkZWxldGUiOjU0MDAwMDAwMDAwMDAsInJlYWQiOjMwMDAwMDAwMDAwMCwidXBkYXRlIjo1NDAwMDAwMDAwMDAwfX0="
        }
      ]
    },
    {
      "mode": "managed",
      "type": "azurerm_resource_group",
      "name": "moa-krc-com-prd-rg",
      "provider": "provider[\"registry.terraform.io/hashicorp/azurerm\"]",
      "instances": [
        {
          "schema_version": 0,
          "attributes": {
            "id": "/subscriptions/6b00c9ec-126b-4aa6-b3f6-bd6e4691ed9e/resourceGroups/rg_2",
            "location": "koreacentral",
            "name": "rg_2",
            "tags": {
              "name": "value_2"
            },
            "timeouts": null
          },
          "sensitive_attributes": [],
          "private": "eyJlMmJmYjczMC1lY2FhLTExZTYtOGY4OC0zNDM2M2JjN2M0YzAiOnsiY3JlYXRlIjo1NDAwMDAwMDAwMDAwLCJkZWxldGUiOjU0MDAwMDAwMDAwMDAsInJlYWQiOjMwMDAwMDAwMDAwMCwidXBkYXRlIjo1NDAwMDAwMDAwMDAwfX0="
        }
      ]
    },
    {
      "mode": "managed",
      "type": "azurerm_resource_group",
      "name": "moa-krc-com-stg-rg",
      "provider": "provider[\"registry.terraform.io/hashicorp/azurerm\"]",
      "instances": [
        {
          "schema_version": 0,
          "attributes": {
            "id": "/subscriptions/6b00c9ec-126b-4aa6-b3f6-bd6e4691ed9e/resourceGroups/rg_4",
            "location": "koreacentral",
            "name": "rg_4",
            "tags": {
              "name": "value_4"
            },
            "timeouts": null
          },
          "sensitive_attributes": [],
          "private": "eyJlMmJmYjczMC1lY2FhLTExZTYtOGY4OC0zNDM2M2JjN2M0YzAiOnsiY3JlYXRlIjo1NDAwMDAwMDAwMDAwLCJkZWxldGUiOjU0MDAwMDAwMDAwMDAsInJlYWQiOjMwMDAwMDAwMDAwMCwidXBkYXRlIjo1NDAwMDAwMDAwMDAwfX0="
        }
      ]
    },
    {
      "mode": "managed",
      "type": "azurerm_subnet",
      "name": "moa-krc-com-prd-fwsbnet",
      "provider": "provider[\"registry.terraform.io/hashicorp/azurerm\"]",
      "instances": [
        {
          "schema_version": 0,
          "attributes": {
            "address_prefix": "10.2.1.0/26",
            "address_prefixes": [
              "10.2.1.0/26"
            ],
            "delegation": [],
            "enforce_private_link_endpoint_network_policies": false,
            "enforce_private_link_service_network_policies": false,
            "id": "/subscriptions/6b00c9ec-126b-4aa6-b3f6-bd6e4691ed9e/resourceGroups/rg_2/providers/Microsoft.Network/virtualNetworks/vnet_2/subnets/FirewallSubnet",
            "name": "FirewallSubnet",
            "resource_group_name": "rg_2",
            "service_endpoint_policy_ids": [],
            "service_endpoints": [],
            "timeouts": null,
            "virtual_network_name": "vnet_2"
          },
          "sensitive_attributes": [],
          "private": "eyJlMmJmYjczMC1lY2FhLTExZTYtOGY4OC0zNDM2M2JjN2M0YzAiOnsiY3JlYXRlIjoxODAwMDAwMDAwMDAwLCJkZWxldGUiOjE4MDAwMDAwMDAwMDAsInJlYWQiOjMwMDAwMDAwMDAwMCwidXBkYXRlIjoxODAwMDAwMDAwMDAwfX0=",
          "dependencies": [
            "azurerm_virtual_network.moa-krc-com-prd-vnet",
            "azurerm_resource_group.moa-krc-com-prd-rg"
          ]
        }
      ]
    },
    {
      "mode": "managed",
      "type": "azurerm_subnet",
      "name": "moa-krc-com-prd-vpnsbnet",
      "provider": "provider[\"registry.terraform.io/hashicorp/azurerm\"]",
      "instances": [
        {
          "schema_version": 0,
          "attributes": {
            "address_prefix": "10.2.2.0/26",
            "address_prefixes": [
              "10.2.2.0/26"
            ],
            "delegation": [],
            "enforce_private_link_endpoint_network_policies": false,
            "enforce_private_link_service_network_policies": false,
            "id": "/subscriptions/6b00c9ec-126b-4aa6-b3f6-bd6e4691ed9e/resourceGroups/rg_2/providers/Microsoft.Network/virtualNetworks/vnet_2/subnets/GatewaySubnet",
            "name": "GatewaySubnet",
            "resource_group_name": "rg_2",
            "service_endpoint_policy_ids": [],
            "service_endpoints": [],
            "timeouts": null,
            "virtual_network_name": "vnet_2"
          },
          "sensitive_attributes": [],
          "private": "eyJlMmJmYjczMC1lY2FhLTExZTYtOGY4OC0zNDM2M2JjN2M0YzAiOnsiY3JlYXRlIjoxODAwMDAwMDAwMDAwLCJkZWxldGUiOjE4MDAwMDAwMDAwMDAsInJlYWQiOjMwMDAwMDAwMDAwMCwidXBkYXRlIjoxODAwMDAwMDAwMDAwfX0=",
          "dependencies": [
            "azurerm_virtual_network.moa-krc-com-prd-vnet",
            "azurerm_resource_group.moa-krc-com-prd-rg"
          ]
        }
      ]
    },
    {
      "mode": "managed",
      "type": "azurerm_virtual_network",
      "name": "moa-krc-com-dev-vnet",
      "provider": "provider[\"registry.terraform.io/hashicorp/azurerm\"]",
      "instances": [
        {
          "schema_version": 0,
          "attributes": {
            "address_space": [
              "10.3.0.0/16"
            ],
            "bgp_community": "",
            "ddos_protection_plan": [],
            "dns_servers": [],
            "guid": "e20f4632-2166-4bc7-99eb-48a203ae5574",
            "id": "/subscriptions/6b00c9ec-126b-4aa6-b3f6-bd6e4691ed9e/resourceGroups/rg_3/providers/Microsoft.Network/virtualNetworks/vnet_3",
            "location": "koreacentral",
            "name": "vnet_3",
            "resource_group_name": "rg_3",
            "subnet": [],
            "tags": {
              "name": "value_3"
            },
            "timeouts": null,
            "vm_protection_enabled": false
          },
          "sensitive_attributes": [],
          "private": "eyJlMmJmYjczMC1lY2FhLTExZTYtOGY4OC0zNDM2M2JjN2M0YzAiOnsiY3JlYXRlIjoxODAwMDAwMDAwMDAwLCJkZWxldGUiOjE4MDAwMDAwMDAwMDAsInJlYWQiOjMwMDAwMDAwMDAwMCwidXBkYXRlIjoxODAwMDAwMDAwMDAwfX0=",
          "dependencies": [
            "azurerm_resource_group.moa-krc-com-dev-rg"
          ]
        }
      ]
    },
    {
      "mode": "managed",
      "type": "azurerm_virtual_network",
      "name": "moa-krc-com-mng-vnet",
      "provider": "provider[\"registry.terraform.io/hashicorp/azurerm\"]",
      "instances": [
        {
          "schema_version": 0,
          "attributes": {
            "address_space": [
              "10.1.0.0/16"
            ],
            "bgp_community": "",
            "ddos_protection_plan": [],
            "dns_servers": [],
            "guid": "b0a1a54b-7427-410c-9bf3-f2319d6f2aa7",
            "id": "/subscriptions/6b00c9ec-126b-4aa6-b3f6-bd6e4691ed9e/resourceGroups/rg_1/providers/Microsoft.Network/virtualNetworks/vnet_1",
            "location": "koreacentral",
            "name": "vnet_1",
            "resource_group_name": "rg_1",
            "subnet": [],
            "tags": {
              "name": "value_1"
            },
            "timeouts": null,
            "vm_protection_enabled": false
          },
          "sensitive_attributes": [],
          "private": "eyJlMmJmYjczMC1lY2FhLTExZTYtOGY4OC0zNDM2M2JjN2M0YzAiOnsiY3JlYXRlIjoxODAwMDAwMDAwMDAwLCJkZWxldGUiOjE4MDAwMDAwMDAwMDAsInJlYWQiOjMwMDAwMDAwMDAwMCwidXBkYXRlIjoxODAwMDAwMDAwMDAwfX0=",
          "dependencies": [
            "azurerm_resource_group.moa-krc-com-mng-rg"
          ]
        }
      ]
    },
    {
      "mode": "managed",
      "type": "azurerm_virtual_network",
      "name": "moa-krc-com-prd-vnet",
      "provider": "provider[\"registry.terraform.io/hashicorp/azurerm\"]",
      "instances": [
        {
          "schema_version": 0,
          "attributes": {
            "address_space": [
              "10.2.0.0/16"
            ],
            "bgp_community": "",
            "ddos_protection_plan": [],
            "dns_servers": [],
            "guid": "3648cdad-268e-495c-ba51-5f4571c7e642",
            "id": "/subscriptions/6b00c9ec-126b-4aa6-b3f6-bd6e4691ed9e/resourceGroups/rg_2/providers/Microsoft.Network/virtualNetworks/vnet_2",
            "location": "koreacentral",
            "name": "vnet_2",
            "resource_group_name": "rg_2",
            "subnet": [
              {
                "address_prefix": "10.2.1.0/26",
                "id": "/subscriptions/6b00c9ec-126b-4aa6-b3f6-bd6e4691ed9e/resourceGroups/rg_2/providers/Microsoft.Network/virtualNetworks/vnet_2/subnets/FirewallSubnet",
                "name": "FirewallSubnet",
                "security_group": ""
              },
              {
                "address_prefix": "10.2.2.0/26",
                "id": "/subscriptions/6b00c9ec-126b-4aa6-b3f6-bd6e4691ed9e/resourceGroups/rg_2/providers/Microsoft.Network/virtualNetworks/vnet_2/subnets/GatewaySubnet",
                "name": "GatewaySubnet",
                "security_group": ""
              }
            ],
            "tags": {
              "name": "value_2"
            },
            "timeouts": null,
            "vm_protection_enabled": false
          },
          "sensitive_attributes": [],
          "private": "eyJlMmJmYjczMC1lY2FhLTExZTYtOGY4OC0zNDM2M2JjN2M0YzAiOnsiY3JlYXRlIjoxODAwMDAwMDAwMDAwLCJkZWxldGUiOjE4MDAwMDAwMDAwMDAsInJlYWQiOjMwMDAwMDAwMDAwMCwidXBkYXRlIjoxODAwMDAwMDAwMDAwfX0=",
          "dependencies": [
            "azurerm_resource_group.moa-krc-com-prd-rg"
          ]
        }
      ]
    },
    {
      "mode": "managed",
      "type": "azurerm_virtual_network",
      "name": "moa-krc-com-stg-vnet",
      "provider": "provider[\"registry.terraform.io/hashicorp/azurerm\"]",
      "instances": [
        {
          "schema_version": 0,
          "attributes": {
            "address_space": [
              "10.4.0.0/16"
            ],
            "bgp_community": "",
            "ddos_protection_plan": [],
            "dns_servers": [],
            "guid": "18e4ad75-0648-43a6-8b3f-4f82ee3a29a0",
            "id": "/subscriptions/6b00c9ec-126b-4aa6-b3f6-bd6e4691ed9e/resourceGroups/rg_4/providers/Microsoft.Network/virtualNetworks/vnet_4",
            "location": "koreacentral",
            "name": "vnet_4",
            "resource_group_name": "rg_4",
            "subnet": [],
            "tags": {
              "name": "value_4"
            },
            "timeouts": null,
            "vm_protection_enabled": false
          },
          "sensitive_attributes": [],
          "private": "eyJlMmJmYjczMC1lY2FhLTExZTYtOGY4OC0zNDM2M2JjN2M0YzAiOnsiY3JlYXRlIjoxODAwMDAwMDAwMDAwLCJkZWxldGUiOjE4MDAwMDAwMDAwMDAsInJlYWQiOjMwMDAwMDAwMDAwMCwidXBkYXRlIjoxODAwMDAwMDAwMDAwfX0=",
          "dependencies": [
            "azurerm_resource_group.moa-krc-com-stg-rg"
          ]
        }
      ]
    }
  ]
}
